
Microsoft Visual Studio Solution File, Format Version 12.00
# Visual Studio 15
VisualStudioVersion = 15.0.27703.2047
MinimumVisualStudioVersion = 10.0.40219.1
Project("{FAE04EC0-301F-11D3-BF4B-00C04F79EFBC}") = "ProyectoFinalEstructuraDeDatos", "ProyectoFinalEstructuraDeDatos\ProyectoFinalEstructuraDeDatos.csproj", "{7B6456AE-B99A-4BDA-AAEA-C0384D9CA6E7}"
EndProject
Global
	GlobalSection(SolutionConfigurationPlatforms) = preSolution
		Debug|Any CPU = Debug|Any CPU
		Release|Any CPU = Release|Any CPU
	EndGlobalSection
	GlobalSection(ProjectConfigurationPlatforms) = postSolution
		{7B6456AE-B99A-4BDA-AAEA-C0384D9CA6E7}.Debug|Any CPU.ActiveCfg = Debug|Any CPU
		{7B6456AE-B99A-4BDA-AAEA-C0384D9CA6E7}.Debug|Any CPU.Build.0 = Debug|Any CPU
		{7B6456AE-B99A-4BDA-AAEA-C0384D9CA6E7}.Release|Any CPU.ActiveCfg = Release|Any CPU
		{7B6456AE-B99A-4BDA-AAEA-C0384D9CA6E7}.Release|Any CPU.Build.0 = Release|Any CPU
	EndGlobalSection
	GlobalSection(SolutionProperties) = preSolution
		HideSolutionNode = FALSE
	EndGlobalSection
	GlobalSection(ExtensibilityGlobals) = postSolution
		SolutionGuid = {CCEFE714-4A31-48C3-B9EC-A77EF9329917}
	EndGlobalSection
EndGlobal
